
Microsoft Visual Studio Solution File, Format Version 12.00
# Visual Studio 15
VisualStudioVersion = 15.0.28010.2041
MinimumVisualStudioVersion = 10.0.40219.1
Project("{A07B5EB6-E848-4116-A8D0-A826331D98C6}") = "Ecommerce", "Ecommerce\Ecommerce.sfproj", "{136B3E90-562B-43C8-AFE8-8AA8EF255A65}"
EndProject
Project("{FAE04EC0-301F-11D3-BF4B-00C04F79EFBC}") = "ECommerce.ProductCatalog", "ECommerce.ProductCatalog\ECommerce.ProductCatalog.csproj", "{D9617A47-92CC-45ED-86A9-62DDB3C3444C}"
EndProject
Global
	GlobalSection(SolutionConfigurationPlatforms) = preSolution
		Debug|Any CPU = Debug|Any CPU
		Debug|x64 = Debug|x64
		Release|Any CPU = Release|Any CPU
		Release|x64 = Release|x64
	EndGlobalSection
	GlobalSection(ProjectConfigurationPlatforms) = postSolution
		{136B3E90-562B-43C8-AFE8-8AA8EF255A65}.Debug|Any CPU.ActiveCfg = Debug|x64
		{136B3E90-562B-43C8-AFE8-8AA8EF255A65}.Debug|x64.ActiveCfg = Debug|x64
		{136B3E90-562B-43C8-AFE8-8AA8EF255A65}.Debug|x64.Build.0 = Debug|x64
		{136B3E90-562B-43C8-AFE8-8AA8EF255A65}.Debug|x64.Deploy.0 = Debug|x64
		{136B3E90-562B-43C8-AFE8-8AA8EF255A65}.Release|Any CPU.ActiveCfg = Release|x64
		{136B3E90-562B-43C8-AFE8-8AA8EF255A65}.Release|x64.ActiveCfg = Release|x64
		{136B3E90-562B-43C8-AFE8-8AA8EF255A65}.Release|x64.Build.0 = Release|x64
		{136B3E90-562B-43C8-AFE8-8AA8EF255A65}.Release|x64.Deploy.0 = Release|x64
		{D9617A47-92CC-45ED-86A9-62DDB3C3444C}.Debug|Any CPU.ActiveCfg = Debug|Any CPU
		{D9617A47-92CC-45ED-86A9-62DDB3C3444C}.Debug|Any CPU.Build.0 = Debug|Any CPU
		{D9617A47-92CC-45ED-86A9-62DDB3C3444C}.Debug|x64.ActiveCfg = Debug|Any CPU
		{D9617A47-92CC-45ED-86A9-62DDB3C3444C}.Debug|x64.Build.0 = Debug|Any CPU
		{D9617A47-92CC-45ED-86A9-62DDB3C3444C}.Release|Any CPU.ActiveCfg = Release|Any CPU
		{D9617A47-92CC-45ED-86A9-62DDB3C3444C}.Release|Any CPU.Build.0 = Release|Any CPU
		{D9617A47-92CC-45ED-86A9-62DDB3C3444C}.Release|x64.ActiveCfg = Release|Any CPU
		{D9617A47-92CC-45ED-86A9-62DDB3C3444C}.Release|x64.Build.0 = Release|Any CPU
	EndGlobalSection
	GlobalSection(SolutionProperties) = preSolution
		HideSolutionNode = FALSE
	EndGlobalSection
	GlobalSection(ExtensibilityGlobals) = postSolution
		SolutionGuid = {57B5009B-8C21-4E1F-9EEA-07CA64B3075A}
	EndGlobalSection
EndGlobal
